schema: '2.0'
stages:
  data_collection:
    cmd: python src/data/data_collection.py
    deps:
    - path: src/data/data_collection.py
      hash: md5
      md5: 23b085a1359467dc655869ff13fdbbcd
      size: 1889
    params:
      params.yaml:
        data_collection.test_size: 0.2
    outs:
    - path: data/raw
      hash: md5
      md5: ba9975ed48447ccb893e09979abad223.dir
      size: 522262
      nfiles: 2
  data_prep:
    cmd: python src/data/data_prep.py
    deps:
    - path: data/raw
      hash: md5
      md5: ba9975ed48447ccb893e09979abad223.dir
      size: 522262
      nfiles: 2
    - path: src/data/data_prep.py
      hash: md5
      md5: 4237c076cf311060bbaa417657951317
      size: 1651
    outs:
    - path: data/processed
      hash: md5
      md5: e34c84b2d0f2a75442271cd6c5779b7c.dir
      size: 546895
      nfiles: 2
  model_building:
    cmd: python src/model/model_building.py
    deps:
    - path: data/processed
      hash: md5
      md5: e34c84b2d0f2a75442271cd6c5779b7c.dir
      size: 546895
      nfiles: 2
    - path: src/model/model_building.py
      hash: md5
      md5: fd090573a4c8b025cf8022966c96094a
      size: 2071
    params:
      params.yaml:
        model_building.n_estimators: 1000
    outs:
    - path: models/model.pkl
      hash: md5
      md5: a884dda571003c4a15b2c6a984048128
      size: 73481348
  model_eval:
    cmd: python src/model/model_eval.py
    deps:
    - path: models/model.pkl
      hash: md5
      md5: a884dda571003c4a15b2c6a984048128
      size: 73481348
    - path: src/model/model_eval.py
      hash: md5
      md5: f9176845dd540dbd5eb08b0d8723fb57
      size: 4906
    outs:
    - path: reports/metrics.json
      hash: md5
      md5: b14addab3e6e40dd5d36f903de37879f
      size: 142
    - path: reports/run_info.json
      hash: md5
      md5: 12df3d210d41a7a196c6b8c96ff1a3ad
      size: 87
  model_registry:
    cmd: python src/model/model_reg.py
    deps:
    - path: reports/run_info.json
      hash: md5
      md5: 12df3d210d41a7a196c6b8c96ff1a3ad
      size: 87
    - path: src/model/model_reg.py
      hash: md5
      md5: 89082c6e90fa0f2f41a4269fea363f5b
      size: 906
